
Microsoft Visual Studio Solution File, Format Version 12.00
# Visual Studio 15
VisualStudioVersion = 15.0.28307.106
MinimumVisualStudioVersion = 10.0.40219.1
Project("{8BC9CEB8-8B4A-11D0-8D11-00A0C91BC942}") = "Algorithms", "Algorithms\Algorithms.vcxproj", "{CF43E88E-1204-4E65-B1E8-7E7BE76CFE03}"
EndProject
Global
	GlobalSection(SolutionConfigurationPlatforms) = preSolution
		Debug|x64 = Debug|x64
		Debug|x86 = Debug|x86
		Release|x64 = Release|x64
		Release|x86 = Release|x86
	EndGlobalSection
	GlobalSection(ProjectConfigurationPlatforms) = postSolution
		{CF43E88E-1204-4E65-B1E8-7E7BE76CFE03}.Debug|x64.ActiveCfg = Debug|x64
		{CF43E88E-1204-4E65-B1E8-7E7BE76CFE03}.Debug|x64.Build.0 = Debug|x64
		{CF43E88E-1204-4E65-B1E8-7E7BE76CFE03}.Debug|x86.ActiveCfg = Debug|Win32
		{CF43E88E-1204-4E65-B1E8-7E7BE76CFE03}.Debug|x86.Build.0 = Debug|Win32
		{CF43E88E-1204-4E65-B1E8-7E7BE76CFE03}.Release|x64.ActiveCfg = Release|x64
		{CF43E88E-1204-4E65-B1E8-7E7BE76CFE03}.Release|x64.Build.0 = Release|x64
		{CF43E88E-1204-4E65-B1E8-7E7BE76CFE03}.Release|x86.ActiveCfg = Release|Win32
		{CF43E88E-1204-4E65-B1E8-7E7BE76CFE03}.Release|x86.Build.0 = Release|Win32
	EndGlobalSection
	GlobalSection(SolutionProperties) = preSolution
		HideSolutionNode = FALSE
	EndGlobalSection
	GlobalSection(ExtensibilityGlobals) = postSolution
		SolutionGuid = {0920EDA3-EB70-49ED-9630-50961560F143}
	EndGlobalSection
EndGlobal
